// !$*UTF8*$!
{
	archiveVersion = 1;
	classes = {
	};
	objectVersion = 77;
	objects = {

/* Begin PBXBuildFile section */
		CC92E8402CE647C600B8ED79 /* ApexStickers.appex in Embed Foundation Extensions */ = {isa = PBXBuildFile; fileRef = CC92E8392CE647C400B8ED79 /* ApexStickers.appex */; settings = {ATTRIBUTES = (RemoveHeadersOnCopy, ); }; };
/* End PBXBuildFile section */

/* Begin PBXContainerItemProxy section */
		CC44C1062CDB582900903FB8 /* PBXContainerItemProxy */ = {
			isa = PBXContainerItemProxy;
			containerPortal = CC44C0ED2CDB582700903FB8 /* Project object */;
			proxyType = 1;
			remoteGlobalIDString = CC44C0F42CDB582700903FB8;
			remoteInfo = buoi2;
		};
		CC44C1102CDB582900903FB8 /* PBXContainerItemProxy */ = {
			isa = PBXContainerItemProxy;
			containerPortal = CC44C0ED2CDB582700903FB8 /* Project object */;
			proxyType = 1;
			remoteGlobalIDString = CC44C0F42CDB582700903FB8;
			remoteInfo = buoi2;
		};
		CC92E83E2CE647C600B8ED79 /* PBXContainerItemProxy */ = {
			isa = PBXContainerItemProxy;
			containerPortal = CC44C0ED2CDB582700903FB8 /* Project object */;
			proxyType = 1;
			remoteGlobalIDString = CC92E8382CE647C400B8ED79;
			remoteInfo = ApexStickers;
		};
/* End PBXContainerItemProxy section */

/* Begin PBXCopyFilesBuildPhase section */
		CC92E8452CE647C600B8ED79 /* Embed Foundation Extensions */ = {
			isa = PBXCopyFilesBuildPhase;
			buildActionMask = 2147483647;
			dstPath = "";
			dstSubfolderSpec = 13;
			files = (
				CC92E8402CE647C600B8ED79 /* ApexStickers.appex in Embed Foundation Extensions */,
			);
			name = "Embed Foundation Extensions";
			runOnlyForDeploymentPostprocessing = 0;
		};
/* End PBXCopyFilesBuildPhase section */

/* Begin PBXFileReference section */
		CC44C0F52CDB582700903FB8 /* buoi2.app */ = {isa = PBXFileReference; explicitFileType = wrapper.application; includeInIndex = 0; path = buoi2.app; sourceTree = BUILT_PRODUCTS_DIR; };
		CC44C1052CDB582900903FB8 /* buoi2Tests.xctest */ = {isa = PBXFileReference; explicitFileType = wrapper.cfbundle; includeInIndex = 0; path = buoi2Tests.xctest; sourceTree = BUILT_PRODUCTS_DIR; };
		CC44C10F2CDB582900903FB8 /* buoi2UITests.xctest */ = {isa = PBXFileReference; explicitFileType = wrapper.cfbundle; includeInIndex = 0; path = buoi2UITests.xctest; sourceTree = BUILT_PRODUCTS_DIR; };
		CC92E8392CE647C400B8ED79 /* ApexStickers.appex */ = {isa = PBXFileReference; explicitFileType = "wrapper.app-extension"; includeInIndex = 0; path = ApexStickers.appex; sourceTree = BUILT_PRODUCTS_DIR; };
/* End PBXFileReference section */

/* Begin PBXFileSystemSynchronizedBuildFileExceptionSet section */
		CC92E8412CE647C600B8ED79 /* Exceptions for "ApexStickers" folder in "ApexStickers" target */ = {
			isa = PBXFileSystemSynchronizedBuildFileExceptionSet;
			membershipExceptions = (
				Info.plist,
			);
			target = CC92E8382CE647C400B8ED79 /* ApexStickers */;
		};
/* End PBXFileSystemSynchronizedBuildFileExceptionSet section */

/* Begin PBXFileSystemSynchronizedRootGroup section */
		CC44C0F72CDB582700903FB8 /* buoi2 */ = {
			isa = PBXFileSystemSynchronizedRootGroup;
			path = buoi2;
			sourceTree = "<group>";
		};
		CC44C1082CDB582900903FB8 /* buoi2Tests */ = {
			isa = PBXFileSystemSynchronizedRootGroup;
			path = buoi2Tests;
			sourceTree = "<group>";
		};
		CC44C1122CDB582900903FB8 /* buoi2UITests */ = {
			isa = PBXFileSystemSynchronizedRootGroup;
			path = buoi2UITests;
			sourceTree = "<group>";
		};
		CC92E83A2CE647C400B8ED79 /* ApexStickers */ = {
			isa = PBXFileSystemSynchronizedRootGroup;
			exceptions = (
				CC92E8412CE647C600B8ED79 /* Exceptions for "ApexStickers" folder in "ApexStickers" target */,
			);
			path = ApexStickers;
			sourceTree = "<group>";
		};
/* End PBXFileSystemSynchronizedRootGroup section */

/* Begin PBXFrameworksBuildPhase section */
		CC44C0F22CDB582700903FB8 /* Frameworks */ = {
			isa = PBXFrameworksBuildPhase;
			buildActionMask = 2147483647;
			files = (
			);
			runOnlyForDeploymentPostprocessing = 0;
		};
		CC44C1022CDB582900903FB8 /* Frameworks */ = {
			isa = PBXFrameworksBuildPhase;
			buildActionMask = 2147483647;
			files = (
			);
			runOnlyForDeploymentPostprocessing = 0;
		};
		CC44C10C2CDB582900903FB8 /* Frameworks */ = {
			isa = PBXFrameworksBuildPhase;
			buildActionMask = 2147483647;
			files = (
			);
			runOnlyForDeploymentPostprocessing = 0;
		};
/* End PBXFrameworksBuildPhase section */

/* Begin PBXGroup section */
		CC44C0EC2CDB582700903FB8 = {
			isa = PBXGroup;
			children = (
				CC44C0F72CDB582700903FB8 /* buoi2 */,
				CC44C1082CDB582900903FB8 /* buoi2Tests */,
				CC44C1122CDB582900903FB8 /* buoi2UITests */,
				CC92E83A2CE647C400B8ED79 /* ApexStickers */,
				CC44C0F62CDB582700903FB8 /* Products */,
			);
			sourceTree = "<group>";
		};
		CC44C0F62CDB582700903FB8 /* Products */ = {
			isa = PBXGroup;
			children = (
				CC44C0F52CDB582700903FB8 /* buoi2.app */,
				CC44C1052CDB582900903FB8 /* buoi2Tests.xctest */,
				CC44C10F2CDB582900903FB8 /* buoi2UITests.xctest */,
				CC92E8392CE647C400B8ED79 /* ApexStickers.appex */,
			);
			name = Products;
			sourceTree = "<group>";
		};
/* End PBXGroup section */

/* Begin PBXNativeTarget section */
		CC44C0F42CDB582700903FB8 /* buoi2 */ = {
			isa = PBXNativeTarget;
			buildConfigurationList = CC44C1192CDB582900903FB8 /* Build configuration list for PBXNativeTarget "buoi2" */;
			buildPhases = (
				CC44C0F12CDB582700903FB8 /* Sources */,
				CC44C0F22CDB582700903FB8 /* Frameworks */,
				CC44C0F32CDB582700903FB8 /* Resources */,
				CC92E8452CE647C600B8ED79 /* Embed Foundation Extensions */,
			);
			buildRules = (
			);
			dependencies = (
				CC92E83F2CE647C600B8ED79 /* PBXTargetDependency */,
			);
			fileSystemSynchronizedGroups = (
				CC44C0F72CDB582700903FB8 /* buoi2 */,
			);
			name = buoi2;
			packageProductDependencies = (
			);
			productName = buoi2;
			productReference = CC44C0F52CDB582700903FB8 /* buoi2.app */;
			productType = "com.apple.product-type.application";
		};
		CC44C1042CDB582900903FB8 /* buoi2Tests */ = {
			isa = PBXNativeTarget;
			buildConfigurationList = CC44C11C2CDB582900903FB8 /* Build configuration list for PBXNativeTarget "buoi2Tests" */;
			buildPhases = (
				CC44C1012CDB582900903FB8 /* Sources */,
				CC44C1022CDB582900903FB8 /* Frameworks */,
				CC44C1032CDB582900903FB8 /* Resources */,
			);
			buildRules = (
			);
			dependencies = (
				CC44C1072CDB582900903FB8 /* PBXTargetDependency */,
			);
			fileSystemSynchronizedGroups = (
				CC44C1082CDB582900903FB8 /* buoi2Tests */,
			);
			name = buoi2Tests;
			packageProductDependencies = (
			);
			productName = buoi2Tests;
			productReference = CC44C1052CDB582900903FB8 /* buoi2Tests.xctest */;
			productType = "com.apple.product-type.bundle.unit-test";
		};
		CC44C10E2CDB582900903FB8 /* buoi2UITests */ = {
			isa = PBXNativeTarget;
			buildConfigurationList = CC44C11F2CDB582900903FB8 /* Build configuration list for PBXNativeTarget "buoi2UITests" */;
			buildPhases = (
				CC44C10B2CDB582900903FB8 /* Sources */,
				CC44C10C2CDB582900903FB8 /* Frameworks */,
				CC44C10D2CDB582900903FB8 /* Resources */,
			);
			buildRules = (
			);
			dependencies = (
				CC44C1112CDB582900903FB8 /* PBXTargetDependency */,
			);
			fileSystemSynchronizedGroups = (
				CC44C1122CDB582900903FB8 /* buoi2UITests */,
			);
			name = buoi2UITests;
			packageProductDependencies = (
			);
			productName = buoi2UITests;
			productReference = CC44C10F2CDB582900903FB8 /* buoi2UITests.xctest */;
			productType = "com.apple.product-type.bundle.ui-testing";
		};
		CC92E8382CE647C400B8ED79 /* ApexStickers */ = {
			isa = PBXNativeTarget;
			buildConfigurationList = CC92E8422CE647C600B8ED79 /* Build configuration list for PBXNativeTarget "ApexStickers" */;
			buildPhases = (
				CC92E8372CE647C400B8ED79 /* Resources */,
			);
			buildRules = (
			);
			dependencies = (
			);
			fileSystemSynchronizedGroups = (
				CC92E83A2CE647C400B8ED79 /* ApexStickers */,
			);
			name = ApexStickers;
			packageProductDependencies = (
			);
			productName = ApexStickers;
			productReference = CC92E8392CE647C400B8ED79 /* ApexStickers.appex */;
			productType = "com.apple.product-type.app-extension.messages-sticker-pack";
		};
/* End PBXNativeTarget section */

/* Begin PBXProject section */
		CC44C0ED2CDB582700903FB8 /* Project object */ = {
			isa = PBXProject;
			attributes = {
				BuildIndependentTargetsInParallel = 1;
				LastSwiftUpdateCheck = 1600;
				LastUpgradeCheck = 1600;
				TargetAttributes = {
					CC44C0F42CDB582700903FB8 = {
						CreatedOnToolsVersion = 16.0;
					};
					CC44C1042CDB582900903FB8 = {
						CreatedOnToolsVersion = 16.0;
						TestTargetID = CC44C0F42CDB582700903FB8;
					};
					CC44C10E2CDB582900903FB8 = {
						CreatedOnToolsVersion = 16.0;
						TestTargetID = CC44C0F42CDB582700903FB8;
					};
					CC92E8382CE647C400B8ED79 = {
						CreatedOnToolsVersion = 16.0;
					};
				};
			};
			buildConfigurationList = CC44C0F02CDB582700903FB8 /* Build configuration list for PBXProject "buoi2" */;
			developmentRegion = en;
			hasScannedForEncodings = 0;
			knownRegions = (
				en,
				Base,
			);
			mainGroup = CC44C0EC2CDB582700903FB8;
			minimizedProjectReferenceProxies = 1;
			preferredProjectObjectVersion = 77;
			productRefGroup = CC44C0F62CDB582700903FB8 /* Products */;
			projectDirPath = "";
			projectRoot = "";
			targets = (
				CC44C0F42CDB582700903FB8 /* buoi2 */,
				CC44C1042CDB582900903FB8 /* buoi2Tests */,
				CC44C10E2CDB582900903FB8 /* buoi2UITests */,
				CC92E8382CE647C400B8ED79 /* ApexStickers */,
			);
		};
/* End PBXProject section */

/* Begin PBXResourcesBuildPhase section */
		CC44C0F32CDB582700903FB8 /* Resources */ = {
			isa = PBXResourcesBuildPhase;
			buildActionMask = 2147483647;
			files = (
			);
			runOnlyForDeploymentPostprocessing = 0;
		};
		CC44C1032CDB582900903FB8 /* Resources */ = {
			isa = PBXResourcesBuildPhase;
			buildActionMask = 2147483647;
			files = (
			);
			runOnlyForDeploymentPostprocessing = 0;
		};
		CC44C10D2CDB582900903FB8 /* Resources */ = {
			isa = PBXResourcesBuildPhase;
			buildActionMask = 2147483647;
			files = (
			);
			runOnlyForDeploymentPostprocessing = 0;
		};
		CC92E8372CE647C400B8ED79 /* Resources */ = {
			isa = PBXResourcesBuildPhase;
			buildActionMask = 2147483647;
			files = (
			);
			runOnlyForDeploymentPostprocessing = 0;
		};
/* End PBXResourcesBuildPhase section */

/* Begin PBXSourcesBuildPhase section */
		CC44C0F12CDB582700903FB8 /* Sources */ = {
			isa = PBXSourcesBuildPhase;
			buildActionMask = 2147483647;
			files = (
			);
			runOnlyForDeploymentPostprocessing = 0;
		};
		CC44C1012CDB582900903FB8 /* Sources */ = {
			isa = PBXSourcesBuildPhase;
			buildActionMask = 2147483647;
			files = (
			);
			runOnlyForDeploymentPostprocessing = 0;
		};
		CC44C10B2CDB582900903FB8 /* Sources */ = {
			isa = PBXSourcesBuildPhase;
			buildActionMask = 2147483647;
			files = (
			);
			runOnlyForDeploymentPostprocessing = 0;
		};
/* End PBXSourcesBuildPhase section */

/* Begin PBXTargetDependency section */
		CC44C1072CDB582900903FB8 /* PBXTargetDependency */ = {
			isa = PBXTargetDependency;
			target = CC44C0F42CDB582700903FB8 /* buoi2 */;
			targetProxy = CC44C1062CDB582900903FB8 /* PBXContainerItemProxy */;
		};
		CC44C1112CDB582900903FB8 /* PBXTargetDependency */ = {
			isa = PBXTargetDependency;
			target = CC44C0F42CDB582700903FB8 /* buoi2 */;
			targetProxy = CC44C1102CDB582900903FB8 /* PBXContainerItemProxy */;
		};
		CC92E83F2CE647C600B8ED79 /* PBXTargetDependency */ = {
			isa = PBXTargetDependency;
			target = CC92E8382CE647C400B8ED79 /* ApexStickers */;
			targetProxy = CC92E83E2CE647C600B8ED79 /* PBXContainerItemProxy */;
		};
/* End PBXTargetDependency section */

/* Begin XCBuildConfiguration section */
		CC44C1172CDB582900903FB8 /* Debug */ = {
			isa = XCBuildConfiguration;
			buildSettings = {
				ALWAYS_SEARCH_USER_PATHS = NO;
				ASSETCATALOG_COMPILER_GENERATE_SWIFT_ASSET_SYMBOL_EXTENSIONS = YES;
				CLANG_ANALYZER_NONNULL = YES;
				CLANG_ANALYZER_NUMBER_OBJECT_CONVERSION = YES_AGGRESSIVE;
				CLANG_CXX_LANGUAGE_STANDARD = "gnu++20";
				CLANG_ENABLE_MODULES = YES;
				CLANG_ENABLE_OBJC_ARC = YES;
				CLANG_ENABLE_OBJC_WEAK = YES;
				CLANG_WARN_BLOCK_CAPTURE_AUTORELEASING = YES;
				CLANG_WARN_BOOL_CONVERSION = YES;
				CLANG_WARN_COMMA = YES;
				CLANG_WARN_CONSTANT_CONVERSION = YES;
				CLANG_WARN_DEPRECATED_OBJC_IMPLEMENTATIONS = YES;
				CLANG_WARN_DIRECT_OBJC_ISA_USAGE = YES_ERROR;
				CLANG_WARN_DOCUMENTATION_COMMENTS = YES;
				CLANG_WARN_EMPTY_BODY = YES;
				CLANG_WARN_ENUM_CONVERSION = YES;
				CLANG_WARN_INFINITE_RECURSION = YES;
				CLANG_WARN_INT_CONVERSION = YES;
				CLANG_WARN_NON_LITERAL_NULL_CONVERSION = YES;
				CLANG_WARN_OBJC_IMPLICIT_RETAIN_SELF = YES;
				CLANG_WARN_OBJC_LITERAL_CONVERSION = YES;
				CLANG_WARN_OBJC_ROOT_CLASS = YES_ERROR;
				CLANG_WARN_QUOTED_INCLUDE_IN_FRAMEWORK_HEADER = YES;
				CLANG_WARN_RANGE_LOOP_ANALYSIS = YES;
				CLANG_WARN_STRICT_PROTOTYPES = YES;
				CLANG_WARN_SUSPICIOUS_MOVE = YES;
				CLANG_WARN_UNGUARDED_AVAILABILITY = YES_AGGRESSIVE;
				CLANG_WARN_UNREACHABLE_CODE = YES;
				CLANG_WARN__DUPLICATE_METHOD_MATCH = YES;
				COPY_PHASE_STRIP = NO;
				DEBUG_INFORMATION_FORMAT = dwarf;
				ENABLE_STRICT_OBJC_MSGSEND = YES;
				ENABLE_TESTABILITY = YES;
				ENABLE_USER_SCRIPT_SANDBOXING = YES;
				GCC_C_LANGUAGE_STANDARD = gnu17;
				GCC_DYNAMIC_NO_PIC = NO;
				GCC_NO_COMMON_BLOCKS = YES;
				GCC_OPTIMIZATION_LEVEL = 0;
				GCC_PREPROCESSOR_DEFINITIONS = (
					"DEBUG=1",
					"$(inherited)",
				);
				GCC_WARN_64_TO_32_BIT_CONVERSION = YES;
				GCC_WARN_ABOUT_RETURN_TYPE = YES_ERROR;
				GCC_WARN_UNDECLARED_SELECTOR = YES;
				GCC_WARN_UNINITIALIZED_AUTOS = YES_AGGRESSIVE;
				GCC_WARN_UNUSED_FUNCTION = YES;
				GCC_WARN_UNUSED_VARIABLE = YES;
				IPHONEOS_DEPLOYMENT_TARGET = 18.0;
				LOCALIZATION_PREFERS_STRING_CATALOGS = YES;
				MTL_ENABLE_DEBUG_INFO = INCLUDE_SOURCE;
				MTL_FAST_MATH = YES;
				ONLY_ACTIVE_ARCH = YES;
				SDKROOT = iphoneos;
				SWIFT_ACTIVE_COMPILATION_CONDITIONS = "DEBUG $(inherited)";
				SWIFT_OPTIMIZATION_LEVEL = "-Onone";
			};
			name = Debug;
		};
		CC44C1182CDB582900903FB8 /* Release */ = {
			isa = XCBuildConfiguration;
			buildSettings = {
				ALWAYS_SEARCH_USER_PATHS = NO;
				ASSETCATALOG_COMPILER_GENERATE_SWIFT_ASSET_SYMBOL_EXTENSIONS = YES;
				CLANG_ANALYZER_NONNULL = YES;
				CLANG_ANALYZER_NUMBER_OBJECT_CONVERSION = YES_AGGRESSIVE;
				CLANG_CXX_LANGUAGE_STANDARD = "gnu++20";
				CLANG_ENABLE_MODULES = YES;
				CLANG_ENABLE_OBJC_ARC = YES;
				CLANG_ENABLE_OBJC_WEAK = YES;
				CLANG_WARN_BLOCK_CAPTURE_AUTORELEASING = YES;
				CLANG_WARN_BOOL_CONVERSION = YES;
				CLANG_WARN_COMMA = YES;
				CLANG_WARN_CONSTANT_CONVERSION = YES;
				CLANG_WARN_DEPRECATED_OBJC_IMPLEMENTATIONS = YES;
				CLANG_WARN_DIRECT_OBJC_ISA_USAGE = YES_ERROR;
				CLANG_WARN_DOCUMENTATION_COMMENTS = YES;
				CLANG_WARN_EMPTY_BODY = YES;
				CLANG_WARN_ENUM_CONVERSION = YES;
				CLANG_WARN_INFINITE_RECURSION = YES;
				CLANG_WARN_INT_CONVERSION = YES;
				CLANG_WARN_NON_LITERAL_NULL_CONVERSION = YES;
				CLANG_WARN_OBJC_IMPLICIT_RETAIN_SELF = YES;
				CLANG_WARN_OBJC_LITERAL_CONVERSION = YES;
				CLANG_WARN_OBJC_ROOT_CLASS = YES_ERROR;
				CLANG_WARN_QUOTED_INCLUDE_IN_FRAMEWORK_HEADER = YES;
				CLANG_WARN_RANGE_LOOP_ANALYSIS = YES;
				CLANG_WARN_STRICT_PROTOTYPES = YES;
				CLANG_WARN_SUSPICIOUS_MOVE = YES;
				CLANG_WARN_UNGUARDED_AVAILABILITY = YES_AGGRESSIVE;
				CLANG_WARN_UNREACHABLE_CODE = YES;
				CLANG_WARN__DUPLICATE_METHOD_MATCH = YES;
				COPY_PHASE_STRIP = NO;
				DEBUG_INFORMATION_FORMAT = "dwarf-with-dsym";
				ENABLE_NS_ASSERTIONS = NO;
				ENABLE_STRICT_OBJC_MSGSEND = YES;
				ENABLE_USER_SCRIPT_SANDBOXING = YES;
				GCC_C_LANGUAGE_STANDARD = gnu17;
				GCC_NO_COMMON_BLOCKS = YES;
				GCC_WARN_64_TO_32_BIT_CONVERSION = YES;
				GCC_WARN_ABOUT_RETURN_TYPE = YES_ERROR;
				GCC_WARN_UNDECLARED_SELECTOR = YES;
				GCC_WARN_UNINITIALIZED_AUTOS = YES_AGGRESSIVE;
				GCC_WARN_UNUSED_FUNCTION = YES;
				GCC_WARN_UNUSED_VARIABLE = YES;
				IPHONEOS_DEPLOYMENT_TARGET = 18.0;
				LOCALIZATION_PREFERS_STRING_CATALOGS = YES;
				MTL_ENABLE_DEBUG_INFO = NO;
				MTL_FAST_MATH = YES;
				SDKROOT = iphoneos;
				SWIFT_COMPILATION_MODE = wholemodule;
				VALIDATE_PRODUCT = YES;
			};
			name = Release;
		};
		CC44C11A2CDB582900903FB8 /* Debug */ = {
			isa = XCBuildConfiguration;
			buildSettings = {
				ASSETCATALOG_COMPILER_APPICON_NAME = AppIcon;
				ASSETCATALOG_COMPILER_GLOBAL_ACCENT_COLOR_NAME = AccentColor;
				CODE_SIGN_STYLE = Automatic;
				CURRENT_PROJECT_VERSION = 1;
				DEVELOPMENT_ASSET_PATHS = "\"buoi2/Preview Content\"";
				ENABLE_PREVIEWS = YES;
				GENERATE_INFOPLIST_FILE = YES;
				INFOPLIST_KEY_UIApplicationSceneManifest_Generation = YES;
				INFOPLIST_KEY_UIApplicationSupportsIndirectInputEvents = YES;
				INFOPLIST_KEY_UILaunchScreen_Generation = YES;
				INFOPLIST_KEY_UISupportedInterfaceOrientations_iPad = "UIInterfaceOrientationPortrait UIInterfaceOrientationPortraitUpsideDown UIInterfaceOrientationLandscapeLeft UIInterfaceOrientationLandscapeRight";
				INFOPLIST_KEY_UISupportedInterfaceOrientations_iPhone = "UIInterfaceOrientationPortrait UIInterfaceOrientationLandscapeLeft UIInterfaceOrientationLandscapeRight";
				LD_RUNPATH_SEARCH_PATHS = (
					"$(inherited)",
					"@executable_path/Frameworks",
				);
				MARKETING_VERSION = 1.0;
				PRODUCT_BUNDLE_IDENTIFIER = com.tuananh.buoi2;
				PRODUCT_NAME = "$(TARGET_NAME)";
				SWIFT_EMIT_LOC_STRINGS = YES;
				SWIFT_VERSION = 5.0;
				TARGETED_DEVICE_FAMILY = "1,2";
			};
			name = Debug;
		};
		CC44C11B2CDB582900903FB8 /* Release */ = {
			isa = XCBuildConfiguration;
			buildSettings = {
				ASSETCATALOG_COMPILER_APPICON_NAME = AppIcon;
				ASSETCATALOG_COMPILER_GLOBAL_ACCENT_COLOR_NAME = AccentColor;
				CODE_SIGN_STYLE = Automatic;
				CURRENT_PROJECT_VERSION = 1;
				DEVELOPMENT_ASSET_PATHS = "\"buoi2/Preview Content\"";
				ENABLE_PREVIEWS = YES;
				GENERATE_INFOPLIST_FILE = YES;
				INFOPLIST_KEY_UIApplicationSceneManifest_Generation = YES;
				INFOPLIST_KEY_UIApplicationSupportsIndirectInputEvents = YES;
				INFOPLIST_KEY_UILaunchScreen_Generation = YES;
				INFOPLIST_KEY_UISupportedInterfaceOrientations_iPad = "UIInterfaceOrientationPortrait UIInterfaceOrientationPortraitUpsideDown UIInterfaceOrientationLandscapeLeft UIInterfaceOrientationLandscapeRight";
				INFOPLIST_KEY_UISupportedInterfaceOrientations_iPhone = "UIInterfaceOrientationPortrait UIInterfaceOrientationLandscapeLeft UIInterfaceOrientationLandscapeRight";
				LD_RUNPATH_SEARCH_PATHS = (
					"$(inherited)",
					"@executable_path/Frameworks",
				);
				MARKETING_VERSION = 1.0;
				PRODUCT_BUNDLE_IDENTIFIER = com.tuananh.buoi2;
				PRODUCT_NAME = "$(TARGET_NAME)";
				SWIFT_EMIT_LOC_STRINGS = YES;
				SWIFT_VERSION = 5.0;
				TARGETED_DEVICE_FAMILY = "1,2";
			};
			name = Release;
		};
		CC44C11D2CDB582900903FB8 /* Debug */ = {
			isa = XCBuildConfiguration;
			buildSettings = {
				BUNDLE_LOADER = "$(TEST_HOST)";
				CODE_SIGN_STYLE = Automatic;
				CURRENT_PROJECT_VERSION = 1;
				GENERATE_INFOPLIST_FILE = YES;
				IPHONEOS_DEPLOYMENT_TARGET = 18.0;
				MARKETING_VERSION = 1.0;
				PRODUCT_BUNDLE_IDENTIFIER = com.tuananh.buoi2Tests;
				PRODUCT_NAME = "$(TARGET_NAME)";
				SWIFT_EMIT_LOC_STRINGS = NO;
				SWIFT_VERSION = 5.0;
				TARGETED_DEVICE_FAMILY = "1,2";
				TEST_HOST = "$(BUILT_PRODUCTS_DIR)/buoi2.app/$(BUNDLE_EXECUTABLE_FOLDER_PATH)/buoi2";
			};
			name = Debug;
		};
		CC44C11E2CDB582900903FB8 /* Release */ = {
			isa = XCBuildConfiguration;
			buildSettings = {
				BUNDLE_LOADER = "$(TEST_HOST)";
				CODE_SIGN_STYLE = Automatic;
				CURRENT_PROJECT_VERSION = 1;
				GENERATE_INFOPLIST_FILE = YES;
				IPHONEOS_DEPLOYMENT_TARGET = 18.0;
				MARKETING_VERSION = 1.0;
				PRODUCT_BUNDLE_IDENTIFIER = com.tuananh.buoi2Tests;
				PRODUCT_NAME = "$(TARGET_NAME)";
				SWIFT_EMIT_LOC_STRINGS = NO;
				SWIFT_VERSION = 5.0;
				TARGETED_DEVICE_FAMILY = "1,2";
				TEST_HOST = "$(BUILT_PRODUCTS_DIR)/buoi2.app/$(BUNDLE_EXECUTABLE_FOLDER_PATH)/buoi2";
			};
			name = Release;
		};
		CC44C1202CDB582900903FB8 /* Debug */ = {
			isa = XCBuildConfiguration;
			buildSettings = {
				CODE_SIGN_STYLE = Automatic;
				CURRENT_PROJECT_VERSION = 1;
				GENERATE_INFOPLIST_FILE = YES;
				MARKETING_VERSION = 1.0;
				PRODUCT_BUNDLE_IDENTIFIER = com.tuananh.buoi2UITests;
				PRODUCT_NAME = "$(TARGET_NAME)";
				SWIFT_EMIT_LOC_STRINGS = NO;
				SWIFT_VERSION = 5.0;
				TARGETED_DEVICE_FAMILY = "1,2";
				TEST_TARGET_NAME = buoi2;
			};
			name = Debug;
		};
		CC44C1212CDB582900903FB8 /* Release */ = {
			isa = XCBuildConfiguration;
			buildSettings = {
				CODE_SIGN_STYLE = Automatic;
				CURRENT_PROJECT_VERSION = 1;
				GENERATE_INFOPLIST_FILE = YES;
				MARKETING_VERSION = 1.0;
				PRODUCT_BUNDLE_IDENTIFIER = com.tuananh.buoi2UITests;
				PRODUCT_NAME = "$(TARGET_NAME)";
				SWIFT_EMIT_LOC_STRINGS = NO;
				SWIFT_VERSION = 5.0;
				TARGETED_DEVICE_FAMILY = "1,2";
				TEST_TARGET_NAME = buoi2;
			};
			name = Release;
		};
		CC92E8432CE647C600B8ED79 /* Debug */ = {
			isa = XCBuildConfiguration;
			buildSettings = {
				ASSETCATALOG_COMPILER_APPICON_NAME = "iMessage App Icon";
				CODE_SIGN_STYLE = Automatic;
				CURRENT_PROJECT_VERSION = 1;
				GENERATE_INFOPLIST_FILE = YES;
				INFOPLIST_FILE = ApexStickers/Info.plist;
				INFOPLIST_KEY_NSStickerSharingLevel = OS;
				MARKETING_VERSION = 1.0;
				PRODUCT_BUNDLE_IDENTIFIER = com.tuananh.buoi2.ApexStickers;
				PRODUCT_NAME = "$(TARGET_NAME)";
				SKIP_INSTALL = YES;
				SWIFT_EMIT_LOC_STRINGS = YES;
				TARGETED_DEVICE_FAMILY = "1,2";
			};
			name = Debug;
		};
		CC92E8442CE647C600B8ED79 /* Release */ = {
			isa = XCBuildConfiguration;
			buildSettings = {
				ASSETCATALOG_COMPILER_APPICON_NAME = "iMessage App Icon";
				CODE_SIGN_STYLE = Automatic;
				CURRENT_PROJECT_VERSION = 1;
				GENERATE_INFOPLIST_FILE = YES;
				INFOPLIST_FILE = ApexStickers/Info.plist;
				INFOPLIST_KEY_NSStickerSharingLevel = OS;
				MARKETING_VERSION = 1.0;
				PRODUCT_BUNDLE_IDENTIFIER = com.tuananh.buoi2.ApexStickers;
				PRODUCT_NAME = "$(TARGET_NAME)";
				SKIP_INSTALL = YES;
				SWIFT_EMIT_LOC_STRINGS = YES;
				TARGETED_DEVICE_FAMILY = "1,2";
			};
			name = Release;
		};
/* End XCBuildConfiguration section */

/* Begin XCConfigurationList section */
		CC44C0F02CDB582700903FB8 /* Build configuration list for PBXProject "buoi2" */ = {
			isa = XCConfigurationList;
			buildConfigurations = (
				CC44C1172CDB582900903FB8 /* Debug */,
				CC44C1182CDB582900903FB8 /* Release */,
			);
			defaultConfigurationIsVisible = 0;
			defaultConfigurationName = Release;
		};
		CC44C1192CDB582900903FB8 /* Build configuration list for PBXNativeTarget "buoi2" */ = {
			isa = XCConfigurationList;
			buildConfigurations = (
				CC44C11A2CDB582900903FB8 /* Debug */,
				CC44C11B2CDB582900903FB8 /* Release */,
			);
			defaultConfigurationIsVisible = 0;
			defaultConfigurationName = Release;
		};
		CC44C11C2CDB582900903FB8 /* Build configuration list for PBXNativeTarget "buoi2Tests" */ = {
			isa = XCConfigurationList;
			buildConfigurations = (
				CC44C11D2CDB582900903FB8 /* Debug */,
				CC44C11E2CDB582900903FB8 /* Release */,
			);
			defaultConfigurationIsVisible = 0;
			defaultConfigurationName = Release;
		};
		CC44C11F2CDB582900903FB8 /* Build configuration list for PBXNativeTarget "buoi2UITests" */ = {
			isa = XCConfigurationList;
			buildConfigurations = (
				CC44C1202CDB582900903FB8 /* Debug */,
				CC44C1212CDB582900903FB8 /* Release */,
			);
			defaultConfigurationIsVisible = 0;
			defaultConfigurationName = Release;
		};
		CC92E8422CE647C600B8ED79 /* Build configuration list for PBXNativeTarget "ApexStickers" */ = {
			isa = XCConfigurationList;
			buildConfigurations = (
				CC92E8432CE647C600B8ED79 /* Debug */,
				CC92E8442CE647C600B8ED79 /* Release */,
			);
			defaultConfigurationIsVisible = 0;
			defaultConfigurationName = Release;
		};
/* End XCConfigurationList section */
	};
	rootObject = CC44C0ED2CDB582700903FB8 /* Project object */;
}
