// !$*UTF8*$!
{
	archiveVersion = 1;
	classes = {
	};
	objectVersion = 77;
	objects = {

/* Begin PBXContainerItemProxy section */
		CC60EC252CB64FBC00929EBB /* PBXContainerItemProxy */ = {
			isa = PBXContainerItemProxy;
			containerPortal = CC60EC0C2CB64FBA00929EBB /* Project object */;
			proxyType = 1;
			remoteGlobalIDString = CC60EC132CB64FBB00929EBB;
			remoteInfo = buoi1;
		};
		CC60EC2F2CB64FBC00929EBB /* PBXContainerItemProxy */ = {
			isa = PBXContainerItemProxy;
			containerPortal = CC60EC0C2CB64FBA00929EBB /* Project object */;
			proxyType = 1;
			remoteGlobalIDString = CC60EC132CB64FBB00929EBB;
			remoteInfo = buoi1;
		};
/* End PBXContainerItemProxy section */

/* Begin PBXFileReference section */
		CC60EC142CB64FBB00929EBB /* buoi1.app */ = {isa = PBXFileReference; explicitFileType = wrapper.application; includeInIndex = 0; path = buoi1.app; sourceTree = BUILT_PRODUCTS_DIR; };
		CC60EC242CB64FBC00929EBB /* buoi1Tests.xctest */ = {isa = PBXFileReference; explicitFileType = wrapper.cfbundle; includeInIndex = 0; path = buoi1Tests.xctest; sourceTree = BUILT_PRODUCTS_DIR; };
		CC60EC2E2CB64FBC00929EBB /* buoi1UITests.xctest */ = {isa = PBXFileReference; explicitFileType = wrapper.cfbundle; includeInIndex = 0; path = buoi1UITests.xctest; sourceTree = BUILT_PRODUCTS_DIR; };
/* End PBXFileReference section */

/* Begin PBXFileSystemSynchronizedRootGroup section */
		CC60EC162CB64FBB00929EBB /* buoi1 */ = {
			isa = PBXFileSystemSynchronizedRootGroup;
			path = buoi1;
			sourceTree = "<group>";
		};
		CC60EC272CB64FBC00929EBB /* buoi1Tests */ = {
			isa = PBXFileSystemSynchronizedRootGroup;
			path = buoi1Tests;
			sourceTree = "<group>";
		};
		CC60EC312CB64FBC00929EBB /* buoi1UITests */ = {
			isa = PBXFileSystemSynchronizedRootGroup;
			path = buoi1UITests;
			sourceTree = "<group>";
		};
/* End PBXFileSystemSynchronizedRootGroup section */

/* Begin PBXFrameworksBuildPhase section */
		CC60EC112CB64FBB00929EBB /* Frameworks */ = {
			isa = PBXFrameworksBuildPhase;
			buildActionMask = 2147483647;
			files = (
			);
			runOnlyForDeploymentPostprocessing = 0;
		};
		CC60EC212CB64FBC00929EBB /* Frameworks */ = {
			isa = PBXFrameworksBuildPhase;
			buildActionMask = 2147483647;
			files = (
			);
			runOnlyForDeploymentPostprocessing = 0;
		};
		CC60EC2B2CB64FBC00929EBB /* Frameworks */ = {
			isa = PBXFrameworksBuildPhase;
			buildActionMask = 2147483647;
			files = (
			);
			runOnlyForDeploymentPostprocessing = 0;
		};
/* End PBXFrameworksBuildPhase section */

/* Begin PBXGroup section */
		CC60EC0B2CB64FBA00929EBB = {
			isa = PBXGroup;
			children = (
				CC60EC162CB64FBB00929EBB /* buoi1 */,
				CC60EC272CB64FBC00929EBB /* buoi1Tests */,
				CC60EC312CB64FBC00929EBB /* buoi1UITests */,
				CC60EC152CB64FBB00929EBB /* Products */,
			);
			sourceTree = "<group>";
		};
		CC60EC152CB64FBB00929EBB /* Products */ = {
			isa = PBXGroup;
			children = (
				CC60EC142CB64FBB00929EBB /* buoi1.app */,
				CC60EC242CB64FBC00929EBB /* buoi1Tests.xctest */,
				CC60EC2E2CB64FBC00929EBB /* buoi1UITests.xctest */,
			);
			name = Products;
			sourceTree = "<group>";
		};
/* End PBXGroup section */

/* Begin PBXNativeTarget section */
		CC60EC132CB64FBB00929EBB /* buoi1 */ = {
			isa = PBXNativeTarget;
			buildConfigurationList = CC60EC382CB64FBC00929EBB /* Build configuration list for PBXNativeTarget "buoi1" */;
			buildPhases = (
				CC60EC102CB64FBB00929EBB /* Sources */,
				CC60EC112CB64FBB00929EBB /* Frameworks */,
				CC60EC122CB64FBB00929EBB /* Resources */,
			);
			buildRules = (
			);
			dependencies = (
			);
			fileSystemSynchronizedGroups = (
				CC60EC162CB64FBB00929EBB /* buoi1 */,
			);
			name = buoi1;
			packageProductDependencies = (
			);
			productName = buoi1;
			productReference = CC60EC142CB64FBB00929EBB /* buoi1.app */;
			productType = "com.apple.product-type.application";
		};
		CC60EC232CB64FBC00929EBB /* buoi1Tests */ = {
			isa = PBXNativeTarget;
			buildConfigurationList = CC60EC3B2CB64FBC00929EBB /* Build configuration list for PBXNativeTarget "buoi1Tests" */;
			buildPhases = (
				CC60EC202CB64FBC00929EBB /* Sources */,
				CC60EC212CB64FBC00929EBB /* Frameworks */,
				CC60EC222CB64FBC00929EBB /* Resources */,
			);
			buildRules = (
			);
			dependencies = (
				CC60EC262CB64FBC00929EBB /* PBXTargetDependency */,
			);
			fileSystemSynchronizedGroups = (
				CC60EC272CB64FBC00929EBB /* buoi1Tests */,
			);
			name = buoi1Tests;
			packageProductDependencies = (
			);
			productName = buoi1Tests;
			productReference = CC60EC242CB64FBC00929EBB /* buoi1Tests.xctest */;
			productType = "com.apple.product-type.bundle.unit-test";
		};
		CC60EC2D2CB64FBC00929EBB /* buoi1UITests */ = {
			isa = PBXNativeTarget;
			buildConfigurationList = CC60EC3E2CB64FBC00929EBB /* Build configuration list for PBXNativeTarget "buoi1UITests" */;
			buildPhases = (
				CC60EC2A2CB64FBC00929EBB /* Sources */,
				CC60EC2B2CB64FBC00929EBB /* Frameworks */,
				CC60EC2C2CB64FBC00929EBB /* Resources */,
			);
			buildRules = (
			);
			dependencies = (
				CC60EC302CB64FBC00929EBB /* PBXTargetDependency */,
			);
			fileSystemSynchronizedGroups = (
				CC60EC312CB64FBC00929EBB /* buoi1UITests */,
			);
			name = buoi1UITests;
			packageProductDependencies = (
			);
			productName = buoi1UITests;
			productReference = CC60EC2E2CB64FBC00929EBB /* buoi1UITests.xctest */;
			productType = "com.apple.product-type.bundle.ui-testing";
		};
/* End PBXNativeTarget section */

/* Begin PBXProject section */
		CC60EC0C2CB64FBA00929EBB /* Project object */ = {
			isa = PBXProject;
			attributes = {
				BuildIndependentTargetsInParallel = 1;
				LastSwiftUpdateCheck = 1600;
				LastUpgradeCheck = 1600;
				TargetAttributes = {
					CC60EC132CB64FBB00929EBB = {
						CreatedOnToolsVersion = 16.0;
					};
					CC60EC232CB64FBC00929EBB = {
						CreatedOnToolsVersion = 16.0;
						TestTargetID = CC60EC132CB64FBB00929EBB;
					};
					CC60EC2D2CB64FBC00929EBB = {
						CreatedOnToolsVersion = 16.0;
						TestTargetID = CC60EC132CB64FBB00929EBB;
					};
				};
			};
			buildConfigurationList = CC60EC0F2CB64FBA00929EBB /* Build configuration list for PBXProject "buoi1" */;
			developmentRegion = en;
			hasScannedForEncodings = 0;
			knownRegions = (
				en,
				Base,
			);
			mainGroup = CC60EC0B2CB64FBA00929EBB;
			minimizedProjectReferenceProxies = 1;
			preferredProjectObjectVersion = 77;
			productRefGroup = CC60EC152CB64FBB00929EBB /* Products */;
			projectDirPath = "";
			projectRoot = "";
			targets = (
				CC60EC132CB64FBB00929EBB /* buoi1 */,
				CC60EC232CB64FBC00929EBB /* buoi1Tests */,
				CC60EC2D2CB64FBC00929EBB /* buoi1UITests */,
			);
		};
/* End PBXProject section */

/* Begin PBXResourcesBuildPhase section */
		CC60EC122CB64FBB00929EBB /* Resources */ = {
			isa = PBXResourcesBuildPhase;
			buildActionMask = 2147483647;
			files = (
			);
			runOnlyForDeploymentPostprocessing = 0;
		};
		CC60EC222CB64FBC00929EBB /* Resources */ = {
			isa = PBXResourcesBuildPhase;
			buildActionMask = 2147483647;
			files = (
			);
			runOnlyForDeploymentPostprocessing = 0;
		};
		CC60EC2C2CB64FBC00929EBB /* Resources */ = {
			isa = PBXResourcesBuildPhase;
			buildActionMask = 2147483647;
			files = (
			);
			runOnlyForDeploymentPostprocessing = 0;
		};
/* End PBXResourcesBuildPhase section */

/* Begin PBXSourcesBuildPhase section */
		CC60EC102CB64FBB00929EBB /* Sources */ = {
			isa = PBXSourcesBuildPhase;
			buildActionMask = 2147483647;
			files = (
			);
			runOnlyForDeploymentPostprocessing = 0;
		};
		CC60EC202CB64FBC00929EBB /* Sources */ = {
			isa = PBXSourcesBuildPhase;
			buildActionMask = 2147483647;
			files = (
			);
			runOnlyForDeploymentPostprocessing = 0;
		};
		CC60EC2A2CB64FBC00929EBB /* Sources */ = {
			isa = PBXSourcesBuildPhase;
			buildActionMask = 2147483647;
			files = (
			);
			runOnlyForDeploymentPostprocessing = 0;
		};
/* End PBXSourcesBuildPhase section */

/* Begin PBXTargetDependency section */
		CC60EC262CB64FBC00929EBB /* PBXTargetDependency */ = {
			isa = PBXTargetDependency;
			target = CC60EC132CB64FBB00929EBB /* buoi1 */;
			targetProxy = CC60EC252CB64FBC00929EBB /* PBXContainerItemProxy */;
		};
		CC60EC302CB64FBC00929EBB /* PBXTargetDependency */ = {
			isa = PBXTargetDependency;
			target = CC60EC132CB64FBB00929EBB /* buoi1 */;
			targetProxy = CC60EC2F2CB64FBC00929EBB /* PBXContainerItemProxy */;
		};
/* End PBXTargetDependency section */

/* Begin XCBuildConfiguration section */
		CC60EC362CB64FBC00929EBB /* Debug */ = {
			isa = XCBuildConfiguration;
			buildSettings = {
				ALWAYS_SEARCH_USER_PATHS = NO;
				ASSETCATALOG_COMPILER_GENERATE_SWIFT_ASSET_SYMBOL_EXTENSIONS = YES;
				CLANG_ANALYZER_NONNULL = YES;
				CLANG_ANALYZER_NUMBER_OBJECT_CONVERSION = YES_AGGRESSIVE;
				CLANG_CXX_LANGUAGE_STANDARD = "gnu++20";
				CLANG_ENABLE_MODULES = YES;
				CLANG_ENABLE_OBJC_ARC = YES;
				CLANG_ENABLE_OBJC_WEAK = YES;
				CLANG_WARN_BLOCK_CAPTURE_AUTORELEASING = YES;
				CLANG_WARN_BOOL_CONVERSION = YES;
				CLANG_WARN_COMMA = YES;
				CLANG_WARN_CONSTANT_CONVERSION = YES;
				CLANG_WARN_DEPRECATED_OBJC_IMPLEMENTATIONS = YES;
				CLANG_WARN_DIRECT_OBJC_ISA_USAGE = YES_ERROR;
				CLANG_WARN_DOCUMENTATION_COMMENTS = YES;
				CLANG_WARN_EMPTY_BODY = YES;
				CLANG_WARN_ENUM_CONVERSION = YES;
				CLANG_WARN_INFINITE_RECURSION = YES;
				CLANG_WARN_INT_CONVERSION = YES;
				CLANG_WARN_NON_LITERAL_NULL_CONVERSION = YES;
				CLANG_WARN_OBJC_IMPLICIT_RETAIN_SELF = YES;
				CLANG_WARN_OBJC_LITERAL_CONVERSION = YES;
				CLANG_WARN_OBJC_ROOT_CLASS = YES_ERROR;
				CLANG_WARN_QUOTED_INCLUDE_IN_FRAMEWORK_HEADER = YES;
				CLANG_WARN_RANGE_LOOP_ANALYSIS = YES;
				CLANG_WARN_STRICT_PROTOTYPES = YES;
				CLANG_WARN_SUSPICIOUS_MOVE = YES;
				CLANG_WARN_UNGUARDED_AVAILABILITY = YES_AGGRESSIVE;
				CLANG_WARN_UNREACHABLE_CODE = YES;
				CLANG_WARN__DUPLICATE_METHOD_MATCH = YES;
				COPY_PHASE_STRIP = NO;
				DEBUG_INFORMATION_FORMAT = dwarf;
				ENABLE_STRICT_OBJC_MSGSEND = YES;
				ENABLE_TESTABILITY = YES;
				ENABLE_USER_SCRIPT_SANDBOXING = YES;
				GCC_C_LANGUAGE_STANDARD = gnu17;
				GCC_DYNAMIC_NO_PIC = NO;
				GCC_NO_COMMON_BLOCKS = YES;
				GCC_OPTIMIZATION_LEVEL = 0;
				GCC_PREPROCESSOR_DEFINITIONS = (
					"DEBUG=1",
					"$(inherited)",
				);
				GCC_WARN_64_TO_32_BIT_CONVERSION = YES;
				GCC_WARN_ABOUT_RETURN_TYPE = YES_ERROR;
				GCC_WARN_UNDECLARED_SELECTOR = YES;
				GCC_WARN_UNINITIALIZED_AUTOS = YES_AGGRESSIVE;
				GCC_WARN_UNUSED_FUNCTION = YES;
				GCC_WARN_UNUSED_VARIABLE = YES;
				IPHONEOS_DEPLOYMENT_TARGET = 18.0;
				LOCALIZATION_PREFERS_STRING_CATALOGS = YES;
				MTL_ENABLE_DEBUG_INFO = INCLUDE_SOURCE;
				MTL_FAST_MATH = YES;
				ONLY_ACTIVE_ARCH = YES;
				SDKROOT = iphoneos;
				SWIFT_ACTIVE_COMPILATION_CONDITIONS = "DEBUG $(inherited)";
				SWIFT_OPTIMIZATION_LEVEL = "-Onone";
			};
			name = Debug;
		};
		CC60EC372CB64FBC00929EBB /* Release */ = {
			isa = XCBuildConfiguration;
			buildSettings = {
				ALWAYS_SEARCH_USER_PATHS = NO;
				ASSETCATALOG_COMPILER_GENERATE_SWIFT_ASSET_SYMBOL_EXTENSIONS = YES;
				CLANG_ANALYZER_NONNULL = YES;
				CLANG_ANALYZER_NUMBER_OBJECT_CONVERSION = YES_AGGRESSIVE;
				CLANG_CXX_LANGUAGE_STANDARD = "gnu++20";
				CLANG_ENABLE_MODULES = YES;
				CLANG_ENABLE_OBJC_ARC = YES;
				CLANG_ENABLE_OBJC_WEAK = YES;
				CLANG_WARN_BLOCK_CAPTURE_AUTORELEASING = YES;
				CLANG_WARN_BOOL_CONVERSION = YES;
				CLANG_WARN_COMMA = YES;
				CLANG_WARN_CONSTANT_CONVERSION = YES;
				CLANG_WARN_DEPRECATED_OBJC_IMPLEMENTATIONS = YES;
				CLANG_WARN_DIRECT_OBJC_ISA_USAGE = YES_ERROR;
				CLANG_WARN_DOCUMENTATION_COMMENTS = YES;
				CLANG_WARN_EMPTY_BODY = YES;
				CLANG_WARN_ENUM_CONVERSION = YES;
				CLANG_WARN_INFINITE_RECURSION = YES;
				CLANG_WARN_INT_CONVERSION = YES;
				CLANG_WARN_NON_LITERAL_NULL_CONVERSION = YES;
				CLANG_WARN_OBJC_IMPLICIT_RETAIN_SELF = YES;
				CLANG_WARN_OBJC_LITERAL_CONVERSION = YES;
				CLANG_WARN_OBJC_ROOT_CLASS = YES_ERROR;
				CLANG_WARN_QUOTED_INCLUDE_IN_FRAMEWORK_HEADER = YES;
				CLANG_WARN_RANGE_LOOP_ANALYSIS = YES;
				CLANG_WARN_STRICT_PROTOTYPES = YES;
				CLANG_WARN_SUSPICIOUS_MOVE = YES;
				CLANG_WARN_UNGUARDED_AVAILABILITY = YES_AGGRESSIVE;
				CLANG_WARN_UNREACHABLE_CODE = YES;
				CLANG_WARN__DUPLICATE_METHOD_MATCH = YES;
				COPY_PHASE_STRIP = NO;
				DEBUG_INFORMATION_FORMAT = "dwarf-with-dsym";
				ENABLE_NS_ASSERTIONS = NO;
				ENABLE_STRICT_OBJC_MSGSEND = YES;
				ENABLE_USER_SCRIPT_SANDBOXING = YES;
				GCC_C_LANGUAGE_STANDARD = gnu17;
				GCC_NO_COMMON_BLOCKS = YES;
				GCC_WARN_64_TO_32_BIT_CONVERSION = YES;
				GCC_WARN_ABOUT_RETURN_TYPE = YES_ERROR;
				GCC_WARN_UNDECLARED_SELECTOR = YES;
				GCC_WARN_UNINITIALIZED_AUTOS = YES_AGGRESSIVE;
				GCC_WARN_UNUSED_FUNCTION = YES;
				GCC_WARN_UNUSED_VARIABLE = YES;
				IPHONEOS_DEPLOYMENT_TARGET = 18.0;
				LOCALIZATION_PREFERS_STRING_CATALOGS = YES;
				MTL_ENABLE_DEBUG_INFO = NO;
				MTL_FAST_MATH = YES;
				SDKROOT = iphoneos;
				SWIFT_COMPILATION_MODE = wholemodule;
				VALIDATE_PRODUCT = YES;
			};
			name = Release;
		};
		CC60EC392CB64FBC00929EBB /* Debug */ = {
			isa = XCBuildConfiguration;
			buildSettings = {
				ASSETCATALOG_COMPILER_APPICON_NAME = AppIcon;
				ASSETCATALOG_COMPILER_GLOBAL_ACCENT_COLOR_NAME = AccentColor;
				CODE_SIGN_STYLE = Automatic;
				CURRENT_PROJECT_VERSION = 1;
				DEVELOPMENT_ASSET_PATHS = "\"buoi1/Preview Content\"";
				ENABLE_PREVIEWS = YES;
				GENERATE_INFOPLIST_FILE = YES;
				INFOPLIST_KEY_UIApplicationSceneManifest_Generation = YES;
				INFOPLIST_KEY_UIApplicationSupportsIndirectInputEvents = YES;
				INFOPLIST_KEY_UILaunchScreen_Generation = YES;
				INFOPLIST_KEY_UISupportedInterfaceOrientations_iPad = "UIInterfaceOrientationPortrait UIInterfaceOrientationPortraitUpsideDown UIInterfaceOrientationLandscapeLeft UIInterfaceOrientationLandscapeRight";
				INFOPLIST_KEY_UISupportedInterfaceOrientations_iPhone = "UIInterfaceOrientationPortrait UIInterfaceOrientationLandscapeLeft UIInterfaceOrientationLandscapeRight";
				LD_RUNPATH_SEARCH_PATHS = (
					"$(inherited)",
					"@executable_path/Frameworks",
				);
				MARKETING_VERSION = 1.0;
				PRODUCT_BUNDLE_IDENTIFIER = com.tuananh.buoi1;
				PRODUCT_NAME = "$(TARGET_NAME)";
				SWIFT_EMIT_LOC_STRINGS = YES;
				SWIFT_VERSION = 5.0;
				TARGETED_DEVICE_FAMILY = "1,2";
			};
			name = Debug;
		};
		CC60EC3A2CB64FBC00929EBB /* Release */ = {
			isa = XCBuildConfiguration;
			buildSettings = {
				ASSETCATALOG_COMPILER_APPICON_NAME = AppIcon;
				ASSETCATALOG_COMPILER_GLOBAL_ACCENT_COLOR_NAME = AccentColor;
				CODE_SIGN_STYLE = Automatic;
				CURRENT_PROJECT_VERSION = 1;
				DEVELOPMENT_ASSET_PATHS = "\"buoi1/Preview Content\"";
				ENABLE_PREVIEWS = YES;
				GENERATE_INFOPLIST_FILE = YES;
				INFOPLIST_KEY_UIApplicationSceneManifest_Generation = YES;
				INFOPLIST_KEY_UIApplicationSupportsIndirectInputEvents = YES;
				INFOPLIST_KEY_UILaunchScreen_Generation = YES;
				INFOPLIST_KEY_UISupportedInterfaceOrientations_iPad = "UIInterfaceOrientationPortrait UIInterfaceOrientationPortraitUpsideDown UIInterfaceOrientationLandscapeLeft UIInterfaceOrientationLandscapeRight";
				INFOPLIST_KEY_UISupportedInterfaceOrientations_iPhone = "UIInterfaceOrientationPortrait UIInterfaceOrientationLandscapeLeft UIInterfaceOrientationLandscapeRight";
				LD_RUNPATH_SEARCH_PATHS = (
					"$(inherited)",
					"@executable_path/Frameworks",
				);
				MARKETING_VERSION = 1.0;
				PRODUCT_BUNDLE_IDENTIFIER = com.tuananh.buoi1;
				PRODUCT_NAME = "$(TARGET_NAME)";
				SWIFT_EMIT_LOC_STRINGS = YES;
				SWIFT_VERSION = 5.0;
				TARGETED_DEVICE_FAMILY = "1,2";
			};
			name = Release;
		};
		CC60EC3C2CB64FBC00929EBB /* Debug */ = {
			isa = XCBuildConfiguration;
			buildSettings = {
				BUNDLE_LOADER = "$(TEST_HOST)";
				CODE_SIGN_STYLE = Automatic;
				CURRENT_PROJECT_VERSION = 1;
				GENERATE_INFOPLIST_FILE = YES;
				IPHONEOS_DEPLOYMENT_TARGET = 18.0;
				MARKETING_VERSION = 1.0;
				PRODUCT_BUNDLE_IDENTIFIER = com.tuananh.buoi1Tests;
				PRODUCT_NAME = "$(TARGET_NAME)";
				SWIFT_EMIT_LOC_STRINGS = NO;
				SWIFT_VERSION = 5.0;
				TARGETED_DEVICE_FAMILY = "1,2";
				TEST_HOST = "$(BUILT_PRODUCTS_DIR)/buoi1.app/$(BUNDLE_EXECUTABLE_FOLDER_PATH)/buoi1";
			};
			name = Debug;
		};
		CC60EC3D2CB64FBC00929EBB /* Release */ = {
			isa = XCBuildConfiguration;
			buildSettings = {
				BUNDLE_LOADER = "$(TEST_HOST)";
				CODE_SIGN_STYLE = Automatic;
				CURRENT_PROJECT_VERSION = 1;
				GENERATE_INFOPLIST_FILE = YES;
				IPHONEOS_DEPLOYMENT_TARGET = 18.0;
				MARKETING_VERSION = 1.0;
				PRODUCT_BUNDLE_IDENTIFIER = com.tuananh.buoi1Tests;
				PRODUCT_NAME = "$(TARGET_NAME)";
				SWIFT_EMIT_LOC_STRINGS = NO;
				SWIFT_VERSION = 5.0;
				TARGETED_DEVICE_FAMILY = "1,2";
				TEST_HOST = "$(BUILT_PRODUCTS_DIR)/buoi1.app/$(BUNDLE_EXECUTABLE_FOLDER_PATH)/buoi1";
			};
			name = Release;
		};
		CC60EC3F2CB64FBC00929EBB /* Debug */ = {
			isa = XCBuildConfiguration;
			buildSettings = {
				CODE_SIGN_STYLE = Automatic;
				CURRENT_PROJECT_VERSION = 1;
				GENERATE_INFOPLIST_FILE = YES;
				MARKETING_VERSION = 1.0;
				PRODUCT_BUNDLE_IDENTIFIER = com.tuananh.buoi1UITests;
				PRODUCT_NAME = "$(TARGET_NAME)";
				SWIFT_EMIT_LOC_STRINGS = NO;
				SWIFT_VERSION = 5.0;
				TARGETED_DEVICE_FAMILY = "1,2";
				TEST_TARGET_NAME = buoi1;
			};
			name = Debug;
		};
		CC60EC402CB64FBC00929EBB /* Release */ = {
			isa = XCBuildConfiguration;
			buildSettings = {
				CODE_SIGN_STYLE = Automatic;
				CURRENT_PROJECT_VERSION = 1;
				GENERATE_INFOPLIST_FILE = YES;
				MARKETING_VERSION = 1.0;
				PRODUCT_BUNDLE_IDENTIFIER = com.tuananh.buoi1UITests;
				PRODUCT_NAME = "$(TARGET_NAME)";
				SWIFT_EMIT_LOC_STRINGS = NO;
				SWIFT_VERSION = 5.0;
				TARGETED_DEVICE_FAMILY = "1,2";
				TEST_TARGET_NAME = buoi1;
			};
			name = Release;
		};
/* End XCBuildConfiguration section */

/* Begin XCConfigurationList section */
		CC60EC0F2CB64FBA00929EBB /* Build configuration list for PBXProject "buoi1" */ = {
			isa = XCConfigurationList;
			buildConfigurations = (
				CC60EC362CB64FBC00929EBB /* Debug */,
				CC60EC372CB64FBC00929EBB /* Release */,
			);
			defaultConfigurationIsVisible = 0;
			defaultConfigurationName = Release;
		};
		CC60EC382CB64FBC00929EBB /* Build configuration list for PBXNativeTarget "buoi1" */ = {
			isa = XCConfigurationList;
			buildConfigurations = (
				CC60EC392CB64FBC00929EBB /* Debug */,
				CC60EC3A2CB64FBC00929EBB /* Release */,
			);
			defaultConfigurationIsVisible = 0;
			defaultConfigurationName = Release;
		};
		CC60EC3B2CB64FBC00929EBB /* Build configuration list for PBXNativeTarget "buoi1Tests" */ = {
			isa = XCConfigurationList;
			buildConfigurations = (
				CC60EC3C2CB64FBC00929EBB /* Debug */,
				CC60EC3D2CB64FBC00929EBB /* Release */,
			);
			defaultConfigurationIsVisible = 0;
			defaultConfigurationName = Release;
		};
		CC60EC3E2CB64FBC00929EBB /* Build configuration list for PBXNativeTarget "buoi1UITests" */ = {
			isa = XCConfigurationList;
			buildConfigurations = (
				CC60EC3F2CB64FBC00929EBB /* Debug */,
				CC60EC402CB64FBC00929EBB /* Release */,
			);
			defaultConfigurationIsVisible = 0;
			defaultConfigurationName = Release;
		};
/* End XCConfigurationList section */
	};
	rootObject = CC60EC0C2CB64FBA00929EBB /* Project object */;
}
