// !$*UTF8*$!
{
	archiveVersion = 1;
	classes = {
	};
	objectVersion = 77;
	objects = {

/* Begin PBXContainerItemProxy section */
		CC7ACCD42D817195007FCDBB /* PBXContainerItemProxy */ = {
			isa = PBXContainerItemProxy;
			containerPortal = CC7ACCBB2D817194007FCDBB /* Project object */;
			proxyType = 1;
			remoteGlobalIDString = CC7ACCC22D817194007FCDBB;
			remoteInfo = tuluyen2;
		};
		CC7ACCDE2D817195007FCDBB /* PBXContainerItemProxy */ = {
			isa = PBXContainerItemProxy;
			containerPortal = CC7ACCBB2D817194007FCDBB /* Project object */;
			proxyType = 1;
			remoteGlobalIDString = CC7ACCC22D817194007FCDBB;
			remoteInfo = tuluyen2;
		};
/* End PBXContainerItemProxy section */

/* Begin PBXFileReference section */
		CC7ACCC32D817194007FCDBB /* tuluyen2.app */ = {isa = PBXFileReference; explicitFileType = wrapper.application; includeInIndex = 0; path = tuluyen2.app; sourceTree = BUILT_PRODUCTS_DIR; };
		CC7ACCD32D817195007FCDBB /* tuluyen2Tests.xctest */ = {isa = PBXFileReference; explicitFileType = wrapper.cfbundle; includeInIndex = 0; path = tuluyen2Tests.xctest; sourceTree = BUILT_PRODUCTS_DIR; };
		CC7ACCDD2D817195007FCDBB /* tuluyen2UITests.xctest */ = {isa = PBXFileReference; explicitFileType = wrapper.cfbundle; includeInIndex = 0; path = tuluyen2UITests.xctest; sourceTree = BUILT_PRODUCTS_DIR; };
/* End PBXFileReference section */

/* Begin PBXFileSystemSynchronizedRootGroup section */
		CC7ACCC52D817194007FCDBB /* tuluyen2 */ = {
			isa = PBXFileSystemSynchronizedRootGroup;
			path = tuluyen2;
			sourceTree = "<group>";
		};
		CC7ACCD62D817195007FCDBB /* tuluyen2Tests */ = {
			isa = PBXFileSystemSynchronizedRootGroup;
			path = tuluyen2Tests;
			sourceTree = "<group>";
		};
		CC7ACCE02D817195007FCDBB /* tuluyen2UITests */ = {
			isa = PBXFileSystemSynchronizedRootGroup;
			path = tuluyen2UITests;
			sourceTree = "<group>";
		};
/* End PBXFileSystemSynchronizedRootGroup section */

/* Begin PBXFrameworksBuildPhase section */
		CC7ACCC02D817194007FCDBB /* Frameworks */ = {
			isa = PBXFrameworksBuildPhase;
			buildActionMask = 2147483647;
			files = (
			);
			runOnlyForDeploymentPostprocessing = 0;
		};
		CC7ACCD02D817195007FCDBB /* Frameworks */ = {
			isa = PBXFrameworksBuildPhase;
			buildActionMask = 2147483647;
			files = (
			);
			runOnlyForDeploymentPostprocessing = 0;
		};
		CC7ACCDA2D817195007FCDBB /* Frameworks */ = {
			isa = PBXFrameworksBuildPhase;
			buildActionMask = 2147483647;
			files = (
			);
			runOnlyForDeploymentPostprocessing = 0;
		};
/* End PBXFrameworksBuildPhase section */

/* Begin PBXGroup section */
		CC7ACCBA2D817194007FCDBB = {
			isa = PBXGroup;
			children = (
				CC7ACCC52D817194007FCDBB /* tuluyen2 */,
				CC7ACCD62D817195007FCDBB /* tuluyen2Tests */,
				CC7ACCE02D817195007FCDBB /* tuluyen2UITests */,
				CC7ACCC42D817194007FCDBB /* Products */,
			);
			sourceTree = "<group>";
		};
		CC7ACCC42D817194007FCDBB /* Products */ = {
			isa = PBXGroup;
			children = (
				CC7ACCC32D817194007FCDBB /* tuluyen2.app */,
				CC7ACCD32D817195007FCDBB /* tuluyen2Tests.xctest */,
				CC7ACCDD2D817195007FCDBB /* tuluyen2UITests.xctest */,
			);
			name = Products;
			sourceTree = "<group>";
		};
/* End PBXGroup section */

/* Begin PBXNativeTarget section */
		CC7ACCC22D817194007FCDBB /* tuluyen2 */ = {
			isa = PBXNativeTarget;
			buildConfigurationList = CC7ACCE72D817195007FCDBB /* Build configuration list for PBXNativeTarget "tuluyen2" */;
			buildPhases = (
				CC7ACCBF2D817194007FCDBB /* Sources */,
				CC7ACCC02D817194007FCDBB /* Frameworks */,
				CC7ACCC12D817194007FCDBB /* Resources */,
			);
			buildRules = (
			);
			dependencies = (
			);
			fileSystemSynchronizedGroups = (
				CC7ACCC52D817194007FCDBB /* tuluyen2 */,
			);
			name = tuluyen2;
			packageProductDependencies = (
			);
			productName = tuluyen2;
			productReference = CC7ACCC32D817194007FCDBB /* tuluyen2.app */;
			productType = "com.apple.product-type.application";
		};
		CC7ACCD22D817195007FCDBB /* tuluyen2Tests */ = {
			isa = PBXNativeTarget;
			buildConfigurationList = CC7ACCEA2D817195007FCDBB /* Build configuration list for PBXNativeTarget "tuluyen2Tests" */;
			buildPhases = (
				CC7ACCCF2D817195007FCDBB /* Sources */,
				CC7ACCD02D817195007FCDBB /* Frameworks */,
				CC7ACCD12D817195007FCDBB /* Resources */,
			);
			buildRules = (
			);
			dependencies = (
				CC7ACCD52D817195007FCDBB /* PBXTargetDependency */,
			);
			fileSystemSynchronizedGroups = (
				CC7ACCD62D817195007FCDBB /* tuluyen2Tests */,
			);
			name = tuluyen2Tests;
			packageProductDependencies = (
			);
			productName = tuluyen2Tests;
			productReference = CC7ACCD32D817195007FCDBB /* tuluyen2Tests.xctest */;
			productType = "com.apple.product-type.bundle.unit-test";
		};
		CC7ACCDC2D817195007FCDBB /* tuluyen2UITests */ = {
			isa = PBXNativeTarget;
			buildConfigurationList = CC7ACCED2D817195007FCDBB /* Build configuration list for PBXNativeTarget "tuluyen2UITests" */;
			buildPhases = (
				CC7ACCD92D817195007FCDBB /* Sources */,
				CC7ACCDA2D817195007FCDBB /* Frameworks */,
				CC7ACCDB2D817195007FCDBB /* Resources */,
			);
			buildRules = (
			);
			dependencies = (
				CC7ACCDF2D817195007FCDBB /* PBXTargetDependency */,
			);
			fileSystemSynchronizedGroups = (
				CC7ACCE02D817195007FCDBB /* tuluyen2UITests */,
			);
			name = tuluyen2UITests;
			packageProductDependencies = (
			);
			productName = tuluyen2UITests;
			productReference = CC7ACCDD2D817195007FCDBB /* tuluyen2UITests.xctest */;
			productType = "com.apple.product-type.bundle.ui-testing";
		};
/* End PBXNativeTarget section */

/* Begin PBXProject section */
		CC7ACCBB2D817194007FCDBB /* Project object */ = {
			isa = PBXProject;
			attributes = {
				BuildIndependentTargetsInParallel = 1;
				LastSwiftUpdateCheck = 1600;
				LastUpgradeCheck = 1600;
				TargetAttributes = {
					CC7ACCC22D817194007FCDBB = {
						CreatedOnToolsVersion = 16.0;
					};
					CC7ACCD22D817195007FCDBB = {
						CreatedOnToolsVersion = 16.0;
						TestTargetID = CC7ACCC22D817194007FCDBB;
					};
					CC7ACCDC2D817195007FCDBB = {
						CreatedOnToolsVersion = 16.0;
						TestTargetID = CC7ACCC22D817194007FCDBB;
					};
				};
			};
			buildConfigurationList = CC7ACCBE2D817194007FCDBB /* Build configuration list for PBXProject "tuluyen2" */;
			developmentRegion = en;
			hasScannedForEncodings = 0;
			knownRegions = (
				en,
				Base,
			);
			mainGroup = CC7ACCBA2D817194007FCDBB;
			minimizedProjectReferenceProxies = 1;
			preferredProjectObjectVersion = 77;
			productRefGroup = CC7ACCC42D817194007FCDBB /* Products */;
			projectDirPath = "";
			projectRoot = "";
			targets = (
				CC7ACCC22D817194007FCDBB /* tuluyen2 */,
				CC7ACCD22D817195007FCDBB /* tuluyen2Tests */,
				CC7ACCDC2D817195007FCDBB /* tuluyen2UITests */,
			);
		};
/* End PBXProject section */

/* Begin PBXResourcesBuildPhase section */
		CC7ACCC12D817194007FCDBB /* Resources */ = {
			isa = PBXResourcesBuildPhase;
			buildActionMask = 2147483647;
			files = (
			);
			runOnlyForDeploymentPostprocessing = 0;
		};
		CC7ACCD12D817195007FCDBB /* Resources */ = {
			isa = PBXResourcesBuildPhase;
			buildActionMask = 2147483647;
			files = (
			);
			runOnlyForDeploymentPostprocessing = 0;
		};
		CC7ACCDB2D817195007FCDBB /* Resources */ = {
			isa = PBXResourcesBuildPhase;
			buildActionMask = 2147483647;
			files = (
			);
			runOnlyForDeploymentPostprocessing = 0;
		};
/* End PBXResourcesBuildPhase section */

/* Begin PBXSourcesBuildPhase section */
		CC7ACCBF2D817194007FCDBB /* Sources */ = {
			isa = PBXSourcesBuildPhase;
			buildActionMask = 2147483647;
			files = (
			);
			runOnlyForDeploymentPostprocessing = 0;
		};
		CC7ACCCF2D817195007FCDBB /* Sources */ = {
			isa = PBXSourcesBuildPhase;
			buildActionMask = 2147483647;
			files = (
			);
			runOnlyForDeploymentPostprocessing = 0;
		};
		CC7ACCD92D817195007FCDBB /* Sources */ = {
			isa = PBXSourcesBuildPhase;
			buildActionMask = 2147483647;
			files = (
			);
			runOnlyForDeploymentPostprocessing = 0;
		};
/* End PBXSourcesBuildPhase section */

/* Begin PBXTargetDependency section */
		CC7ACCD52D817195007FCDBB /* PBXTargetDependency */ = {
			isa = PBXTargetDependency;
			target = CC7ACCC22D817194007FCDBB /* tuluyen2 */;
			targetProxy = CC7ACCD42D817195007FCDBB /* PBXContainerItemProxy */;
		};
		CC7ACCDF2D817195007FCDBB /* PBXTargetDependency */ = {
			isa = PBXTargetDependency;
			target = CC7ACCC22D817194007FCDBB /* tuluyen2 */;
			targetProxy = CC7ACCDE2D817195007FCDBB /* PBXContainerItemProxy */;
		};
/* End PBXTargetDependency section */

/* Begin XCBuildConfiguration section */
		CC7ACCE52D817195007FCDBB /* Debug */ = {
			isa = XCBuildConfiguration;
			buildSettings = {
				ALWAYS_SEARCH_USER_PATHS = NO;
				ASSETCATALOG_COMPILER_GENERATE_SWIFT_ASSET_SYMBOL_EXTENSIONS = YES;
				CLANG_ANALYZER_NONNULL = YES;
				CLANG_ANALYZER_NUMBER_OBJECT_CONVERSION = YES_AGGRESSIVE;
				CLANG_CXX_LANGUAGE_STANDARD = "gnu++20";
				CLANG_ENABLE_MODULES = YES;
				CLANG_ENABLE_OBJC_ARC = YES;
				CLANG_ENABLE_OBJC_WEAK = YES;
				CLANG_WARN_BLOCK_CAPTURE_AUTORELEASING = YES;
				CLANG_WARN_BOOL_CONVERSION = YES;
				CLANG_WARN_COMMA = YES;
				CLANG_WARN_CONSTANT_CONVERSION = YES;
				CLANG_WARN_DEPRECATED_OBJC_IMPLEMENTATIONS = YES;
				CLANG_WARN_DIRECT_OBJC_ISA_USAGE = YES_ERROR;
				CLANG_WARN_DOCUMENTATION_COMMENTS = YES;
				CLANG_WARN_EMPTY_BODY = YES;
				CLANG_WARN_ENUM_CONVERSION = YES;
				CLANG_WARN_INFINITE_RECURSION = YES;
				CLANG_WARN_INT_CONVERSION = YES;
				CLANG_WARN_NON_LITERAL_NULL_CONVERSION = YES;
				CLANG_WARN_OBJC_IMPLICIT_RETAIN_SELF = YES;
				CLANG_WARN_OBJC_LITERAL_CONVERSION = YES;
				CLANG_WARN_OBJC_ROOT_CLASS = YES_ERROR;
				CLANG_WARN_QUOTED_INCLUDE_IN_FRAMEWORK_HEADER = YES;
				CLANG_WARN_RANGE_LOOP_ANALYSIS = YES;
				CLANG_WARN_STRICT_PROTOTYPES = YES;
				CLANG_WARN_SUSPICIOUS_MOVE = YES;
				CLANG_WARN_UNGUARDED_AVAILABILITY = YES_AGGRESSIVE;
				CLANG_WARN_UNREACHABLE_CODE = YES;
				CLANG_WARN__DUPLICATE_METHOD_MATCH = YES;
				COPY_PHASE_STRIP = NO;
				DEBUG_INFORMATION_FORMAT = dwarf;
				ENABLE_STRICT_OBJC_MSGSEND = YES;
				ENABLE_TESTABILITY = YES;
				ENABLE_USER_SCRIPT_SANDBOXING = YES;
				GCC_C_LANGUAGE_STANDARD = gnu17;
				GCC_DYNAMIC_NO_PIC = NO;
				GCC_NO_COMMON_BLOCKS = YES;
				GCC_OPTIMIZATION_LEVEL = 0;
				GCC_PREPROCESSOR_DEFINITIONS = (
					"DEBUG=1",
					"$(inherited)",
				);
				GCC_WARN_64_TO_32_BIT_CONVERSION = YES;
				GCC_WARN_ABOUT_RETURN_TYPE = YES_ERROR;
				GCC_WARN_UNDECLARED_SELECTOR = YES;
				GCC_WARN_UNINITIALIZED_AUTOS = YES_AGGRESSIVE;
				GCC_WARN_UNUSED_FUNCTION = YES;
				GCC_WARN_UNUSED_VARIABLE = YES;
				IPHONEOS_DEPLOYMENT_TARGET = 18.0;
				LOCALIZATION_PREFERS_STRING_CATALOGS = YES;
				MTL_ENABLE_DEBUG_INFO = INCLUDE_SOURCE;
				MTL_FAST_MATH = YES;
				ONLY_ACTIVE_ARCH = YES;
				SDKROOT = iphoneos;
				SWIFT_ACTIVE_COMPILATION_CONDITIONS = "DEBUG $(inherited)";
				SWIFT_OPTIMIZATION_LEVEL = "-Onone";
			};
			name = Debug;
		};
		CC7ACCE62D817195007FCDBB /* Release */ = {
			isa = XCBuildConfiguration;
			buildSettings = {
				ALWAYS_SEARCH_USER_PATHS = NO;
				ASSETCATALOG_COMPILER_GENERATE_SWIFT_ASSET_SYMBOL_EXTENSIONS = YES;
				CLANG_ANALYZER_NONNULL = YES;
				CLANG_ANALYZER_NUMBER_OBJECT_CONVERSION = YES_AGGRESSIVE;
				CLANG_CXX_LANGUAGE_STANDARD = "gnu++20";
				CLANG_ENABLE_MODULES = YES;
				CLANG_ENABLE_OBJC_ARC = YES;
				CLANG_ENABLE_OBJC_WEAK = YES;
				CLANG_WARN_BLOCK_CAPTURE_AUTORELEASING = YES;
				CLANG_WARN_BOOL_CONVERSION = YES;
				CLANG_WARN_COMMA = YES;
				CLANG_WARN_CONSTANT_CONVERSION = YES;
				CLANG_WARN_DEPRECATED_OBJC_IMPLEMENTATIONS = YES;
				CLANG_WARN_DIRECT_OBJC_ISA_USAGE = YES_ERROR;
				CLANG_WARN_DOCUMENTATION_COMMENTS = YES;
				CLANG_WARN_EMPTY_BODY = YES;
				CLANG_WARN_ENUM_CONVERSION = YES;
				CLANG_WARN_INFINITE_RECURSION = YES;
				CLANG_WARN_INT_CONVERSION = YES;
				CLANG_WARN_NON_LITERAL_NULL_CONVERSION = YES;
				CLANG_WARN_OBJC_IMPLICIT_RETAIN_SELF = YES;
				CLANG_WARN_OBJC_LITERAL_CONVERSION = YES;
				CLANG_WARN_OBJC_ROOT_CLASS = YES_ERROR;
				CLANG_WARN_QUOTED_INCLUDE_IN_FRAMEWORK_HEADER = YES;
				CLANG_WARN_RANGE_LOOP_ANALYSIS = YES;
				CLANG_WARN_STRICT_PROTOTYPES = YES;
				CLANG_WARN_SUSPICIOUS_MOVE = YES;
				CLANG_WARN_UNGUARDED_AVAILABILITY = YES_AGGRESSIVE;
				CLANG_WARN_UNREACHABLE_CODE = YES;
				CLANG_WARN__DUPLICATE_METHOD_MATCH = YES;
				COPY_PHASE_STRIP = NO;
				DEBUG_INFORMATION_FORMAT = "dwarf-with-dsym";
				ENABLE_NS_ASSERTIONS = NO;
				ENABLE_STRICT_OBJC_MSGSEND = YES;
				ENABLE_USER_SCRIPT_SANDBOXING = YES;
				GCC_C_LANGUAGE_STANDARD = gnu17;
				GCC_NO_COMMON_BLOCKS = YES;
				GCC_WARN_64_TO_32_BIT_CONVERSION = YES;
				GCC_WARN_ABOUT_RETURN_TYPE = YES_ERROR;
				GCC_WARN_UNDECLARED_SELECTOR = YES;
				GCC_WARN_UNINITIALIZED_AUTOS = YES_AGGRESSIVE;
				GCC_WARN_UNUSED_FUNCTION = YES;
				GCC_WARN_UNUSED_VARIABLE = YES;
				IPHONEOS_DEPLOYMENT_TARGET = 18.0;
				LOCALIZATION_PREFERS_STRING_CATALOGS = YES;
				MTL_ENABLE_DEBUG_INFO = NO;
				MTL_FAST_MATH = YES;
				SDKROOT = iphoneos;
				SWIFT_COMPILATION_MODE = wholemodule;
				VALIDATE_PRODUCT = YES;
			};
			name = Release;
		};
		CC7ACCE82D817195007FCDBB /* Debug */ = {
			isa = XCBuildConfiguration;
			buildSettings = {
				ASSETCATALOG_COMPILER_APPICON_NAME = AppIcon;
				ASSETCATALOG_COMPILER_GLOBAL_ACCENT_COLOR_NAME = AccentColor;
				CODE_SIGN_STYLE = Automatic;
				CURRENT_PROJECT_VERSION = 1;
				DEVELOPMENT_ASSET_PATHS = "\"tuluyen2/Preview Content\"";
				ENABLE_PREVIEWS = YES;
				GENERATE_INFOPLIST_FILE = YES;
				INFOPLIST_KEY_UIApplicationSceneManifest_Generation = YES;
				INFOPLIST_KEY_UIApplicationSupportsIndirectInputEvents = YES;
				INFOPLIST_KEY_UILaunchScreen_Generation = YES;
				INFOPLIST_KEY_UISupportedInterfaceOrientations_iPad = "UIInterfaceOrientationPortrait UIInterfaceOrientationPortraitUpsideDown UIInterfaceOrientationLandscapeLeft UIInterfaceOrientationLandscapeRight";
				INFOPLIST_KEY_UISupportedInterfaceOrientations_iPhone = "UIInterfaceOrientationPortrait UIInterfaceOrientationLandscapeLeft UIInterfaceOrientationLandscapeRight";
				LD_RUNPATH_SEARCH_PATHS = (
					"$(inherited)",
					"@executable_path/Frameworks",
				);
				MARKETING_VERSION = 1.0;
				PRODUCT_BUNDLE_IDENTIFIER = com.tuananh.tuluyen2;
				PRODUCT_NAME = "$(TARGET_NAME)";
				SWIFT_EMIT_LOC_STRINGS = YES;
				SWIFT_VERSION = 5.0;
				TARGETED_DEVICE_FAMILY = "1,2";
			};
			name = Debug;
		};
		CC7ACCE92D817195007FCDBB /* Release */ = {
			isa = XCBuildConfiguration;
			buildSettings = {
				ASSETCATALOG_COMPILER_APPICON_NAME = AppIcon;
				ASSETCATALOG_COMPILER_GLOBAL_ACCENT_COLOR_NAME = AccentColor;
				CODE_SIGN_STYLE = Automatic;
				CURRENT_PROJECT_VERSION = 1;
				DEVELOPMENT_ASSET_PATHS = "\"tuluyen2/Preview Content\"";
				ENABLE_PREVIEWS = YES;
				GENERATE_INFOPLIST_FILE = YES;
				INFOPLIST_KEY_UIApplicationSceneManifest_Generation = YES;
				INFOPLIST_KEY_UIApplicationSupportsIndirectInputEvents = YES;
				INFOPLIST_KEY_UILaunchScreen_Generation = YES;
				INFOPLIST_KEY_UISupportedInterfaceOrientations_iPad = "UIInterfaceOrientationPortrait UIInterfaceOrientationPortraitUpsideDown UIInterfaceOrientationLandscapeLeft UIInterfaceOrientationLandscapeRight";
				INFOPLIST_KEY_UISupportedInterfaceOrientations_iPhone = "UIInterfaceOrientationPortrait UIInterfaceOrientationLandscapeLeft UIInterfaceOrientationLandscapeRight";
				LD_RUNPATH_SEARCH_PATHS = (
					"$(inherited)",
					"@executable_path/Frameworks",
				);
				MARKETING_VERSION = 1.0;
				PRODUCT_BUNDLE_IDENTIFIER = com.tuananh.tuluyen2;
				PRODUCT_NAME = "$(TARGET_NAME)";
				SWIFT_EMIT_LOC_STRINGS = YES;
				SWIFT_VERSION = 5.0;
				TARGETED_DEVICE_FAMILY = "1,2";
			};
			name = Release;
		};
		CC7ACCEB2D817195007FCDBB /* Debug */ = {
			isa = XCBuildConfiguration;
			buildSettings = {
				BUNDLE_LOADER = "$(TEST_HOST)";
				CODE_SIGN_STYLE = Automatic;
				CURRENT_PROJECT_VERSION = 1;
				GENERATE_INFOPLIST_FILE = YES;
				IPHONEOS_DEPLOYMENT_TARGET = 18.0;
				MARKETING_VERSION = 1.0;
				PRODUCT_BUNDLE_IDENTIFIER = com.tuananh.tuluyen2Tests;
				PRODUCT_NAME = "$(TARGET_NAME)";
				SWIFT_EMIT_LOC_STRINGS = NO;
				SWIFT_VERSION = 5.0;
				TARGETED_DEVICE_FAMILY = "1,2";
				TEST_HOST = "$(BUILT_PRODUCTS_DIR)/tuluyen2.app/$(BUNDLE_EXECUTABLE_FOLDER_PATH)/tuluyen2";
			};
			name = Debug;
		};
		CC7ACCEC2D817195007FCDBB /* Release */ = {
			isa = XCBuildConfiguration;
			buildSettings = {
				BUNDLE_LOADER = "$(TEST_HOST)";
				CODE_SIGN_STYLE = Automatic;
				CURRENT_PROJECT_VERSION = 1;
				GENERATE_INFOPLIST_FILE = YES;
				IPHONEOS_DEPLOYMENT_TARGET = 18.0;
				MARKETING_VERSION = 1.0;
				PRODUCT_BUNDLE_IDENTIFIER = com.tuananh.tuluyen2Tests;
				PRODUCT_NAME = "$(TARGET_NAME)";
				SWIFT_EMIT_LOC_STRINGS = NO;
				SWIFT_VERSION = 5.0;
				TARGETED_DEVICE_FAMILY = "1,2";
				TEST_HOST = "$(BUILT_PRODUCTS_DIR)/tuluyen2.app/$(BUNDLE_EXECUTABLE_FOLDER_PATH)/tuluyen2";
			};
			name = Release;
		};
		CC7ACCEE2D817195007FCDBB /* Debug */ = {
			isa = XCBuildConfiguration;
			buildSettings = {
				CODE_SIGN_STYLE = Automatic;
				CURRENT_PROJECT_VERSION = 1;
				GENERATE_INFOPLIST_FILE = YES;
				MARKETING_VERSION = 1.0;
				PRODUCT_BUNDLE_IDENTIFIER = com.tuananh.tuluyen2UITests;
				PRODUCT_NAME = "$(TARGET_NAME)";
				SWIFT_EMIT_LOC_STRINGS = NO;
				SWIFT_VERSION = 5.0;
				TARGETED_DEVICE_FAMILY = "1,2";
				TEST_TARGET_NAME = tuluyen2;
			};
			name = Debug;
		};
		CC7ACCEF2D817195007FCDBB /* Release */ = {
			isa = XCBuildConfiguration;
			buildSettings = {
				CODE_SIGN_STYLE = Automatic;
				CURRENT_PROJECT_VERSION = 1;
				GENERATE_INFOPLIST_FILE = YES;
				MARKETING_VERSION = 1.0;
				PRODUCT_BUNDLE_IDENTIFIER = com.tuananh.tuluyen2UITests;
				PRODUCT_NAME = "$(TARGET_NAME)";
				SWIFT_EMIT_LOC_STRINGS = NO;
				SWIFT_VERSION = 5.0;
				TARGETED_DEVICE_FAMILY = "1,2";
				TEST_TARGET_NAME = tuluyen2;
			};
			name = Release;
		};
/* End XCBuildConfiguration section */

/* Begin XCConfigurationList section */
		CC7ACCBE2D817194007FCDBB /* Build configuration list for PBXProject "tuluyen2" */ = {
			isa = XCConfigurationList;
			buildConfigurations = (
				CC7ACCE52D817195007FCDBB /* Debug */,
				CC7ACCE62D817195007FCDBB /* Release */,
			);
			defaultConfigurationIsVisible = 0;
			defaultConfigurationName = Release;
		};
		CC7ACCE72D817195007FCDBB /* Build configuration list for PBXNativeTarget "tuluyen2" */ = {
			isa = XCConfigurationList;
			buildConfigurations = (
				CC7ACCE82D817195007FCDBB /* Debug */,
				CC7ACCE92D817195007FCDBB /* Release */,
			);
			defaultConfigurationIsVisible = 0;
			defaultConfigurationName = Release;
		};
		CC7ACCEA2D817195007FCDBB /* Build configuration list for PBXNativeTarget "tuluyen2Tests" */ = {
			isa = XCConfigurationList;
			buildConfigurations = (
				CC7ACCEB2D817195007FCDBB /* Debug */,
				CC7ACCEC2D817195007FCDBB /* Release */,
			);
			defaultConfigurationIsVisible = 0;
			defaultConfigurationName = Release;
		};
		CC7ACCED2D817195007FCDBB /* Build configuration list for PBXNativeTarget "tuluyen2UITests" */ = {
			isa = XCConfigurationList;
			buildConfigurations = (
				CC7ACCEE2D817195007FCDBB /* Debug */,
				CC7ACCEF2D817195007FCDBB /* Release */,
			);
			defaultConfigurationIsVisible = 0;
			defaultConfigurationName = Release;
		};
/* End XCConfigurationList section */
	};
	rootObject = CC7ACCBB2D817194007FCDBB /* Project object */;
}
